// !$*UTF8*$!
{
	archiveVersion = 1;
	classes = {
	};
	objectVersion = 55;
	objects = {

/* Begin PBXBuildFile section */
		3973F58128A38DA5007F152D /* HearURApp.swift in Sources */ = {isa = PBXBuildFile; fileRef = 3973F58028A38DA5007F152D /* HearURApp.swift */; };
		3973F58328A38DA5007F152D /* ContentView.swift in Sources */ = {isa = PBXBuildFile; fileRef = 3973F58228A38DA5007F152D /* ContentView.swift */; };
		3973F58528A38DA7007F152D /* Assets.xcassets in Resources */ = {isa = PBXBuildFile; fileRef = 3973F58428A38DA7007F152D /* Assets.xcassets */; };
		3973F58828A38DA7007F152D /* Preview Assets.xcassets in Resources */ = {isa = PBXBuildFile; fileRef = 3973F58728A38DA7007F152D /* Preview Assets.xcassets */; };
		3973F59828A38E01007F152D /* TestView.swift in Sources */ = {isa = PBXBuildFile; fileRef = 3973F59728A38E01007F152D /* TestView.swift */; };
		3973F59A28A38E0C007F152D /* TestModel.swift in Sources */ = {isa = PBXBuildFile; fileRef = 3973F59928A38E0C007F152D /* TestModel.swift */; };
		3973F59C28A38E13007F152D /* TestViewModel.swift in Sources */ = {isa = PBXBuildFile; fileRef = 3973F59B28A38E13007F152D /* TestViewModel.swift */; };
		3973F59E28A3BAEC007F152D /* GoogleService-Info.plist in Resources */ = {isa = PBXBuildFile; fileRef = 3973F59D28A3BAEC007F152D /* GoogleService-Info.plist */; };
		3973F5A128A3C3B9007F152D /* FirebaseFirestore in Frameworks */ = {isa = PBXBuildFile; productRef = 3973F5A028A3C3B9007F152D /* FirebaseFirestore */; };
		3973F5A328A3C3B9007F152D /* FirebaseStorage in Frameworks */ = {isa = PBXBuildFile; productRef = 3973F5A228A3C3B9007F152D /* FirebaseStorage */; };
/* End PBXBuildFile section */

/* Begin PBXFileReference section */
		3973F57D28A38DA5007F152D /* HearUR.app */ = {isa = PBXFileReference; explicitFileType = wrapper.application; includeInIndex = 0; path = HearUR.app; sourceTree = BUILT_PRODUCTS_DIR; };
		3973F58028A38DA5007F152D /* HearURApp.swift */ = {isa = PBXFileReference; lastKnownFileType = sourcecode.swift; path = HearURApp.swift; sourceTree = "<group>"; };
		3973F58228A38DA5007F152D /* ContentView.swift */ = {isa = PBXFileReference; lastKnownFileType = sourcecode.swift; path = ContentView.swift; sourceTree = "<group>"; };
		3973F58428A38DA7007F152D /* Assets.xcassets */ = {isa = PBXFileReference; lastKnownFileType = folder.assetcatalog; path = Assets.xcassets; sourceTree = "<group>"; };
		3973F58728A38DA7007F152D /* Preview Assets.xcassets */ = {isa = PBXFileReference; lastKnownFileType = folder.assetcatalog; path = "Preview Assets.xcassets"; sourceTree = "<group>"; };
		3973F59728A38E01007F152D /* TestView.swift */ = {isa = PBXFileReference; lastKnownFileType = sourcecode.swift; path = TestView.swift; sourceTree = "<group>"; };
		3973F59928A38E0C007F152D /* TestModel.swift */ = {isa = PBXFileReference; lastKnownFileType = sourcecode.swift; path = TestModel.swift; sourceTree = "<group>"; };
		3973F59B28A38E13007F152D /* TestViewModel.swift */ = {isa = PBXFileReference; lastKnownFileType = sourcecode.swift; path = TestViewModel.swift; sourceTree = "<group>"; };
		3973F59D28A3BAEC007F152D /* GoogleService-Info.plist */ = {isa = PBXFileReference; fileEncoding = 4; lastKnownFileType = text.plist.xml; path = "GoogleService-Info.plist"; sourceTree = "<group>"; };
/* End PBXFileReference section */

/* Begin PBXFrameworksBuildPhase section */
		3973F57A28A38DA5007F152D /* Frameworks */ = {
			isa = PBXFrameworksBuildPhase;
			buildActionMask = 2147483647;
			files = (
				3973F5A128A3C3B9007F152D /* FirebaseFirestore in Frameworks */,
				3973F5A328A3C3B9007F152D /* FirebaseStorage in Frameworks */,
			);
			runOnlyForDeploymentPostprocessing = 0;
		};
/* End PBXFrameworksBuildPhase section */

/* Begin PBXGroup section */
		3973F57428A38DA5007F152D = {
			isa = PBXGroup;
			children = (
				3973F57F28A38DA5007F152D /* HearUR */,
				3973F57E28A38DA5007F152D /* Products */,
			);
			sourceTree = "<group>";
		};
		3973F57E28A38DA5007F152D /* Products */ = {
			isa = PBXGroup;
			children = (
				3973F57D28A38DA5007F152D /* HearUR.app */,
			);
			name = Products;
			sourceTree = "<group>";
		};
		3973F57F28A38DA5007F152D /* HearUR */ = {
			isa = PBXGroup;
			children = (
				3973F59D28A3BAEC007F152D /* GoogleService-Info.plist */,
				3973F59628A38DF1007F152D /* ViewModel */,
				3973F59528A38DEE007F152D /* Model */,
				3973F59428A38DE7007F152D /* View */,
				3973F58028A38DA5007F152D /* HearURApp.swift */,
				3973F58228A38DA5007F152D /* ContentView.swift */,
				3973F58428A38DA7007F152D /* Assets.xcassets */,
				3973F58628A38DA7007F152D /* Preview Content */,
			);
			path = HearUR;
			sourceTree = "<group>";
		};
		3973F58628A38DA7007F152D /* Preview Content */ = {
			isa = PBXGroup;
			children = (
				3973F58728A38DA7007F152D /* Preview Assets.xcassets */,
			);
			path = "Preview Content";
			sourceTree = "<group>";
		};
		3973F59428A38DE7007F152D /* View */ = {
			isa = PBXGroup;
			children = (
				3973F59728A38E01007F152D /* TestView.swift */,
			);
			path = View;
			sourceTree = "<group>";
		};
		3973F59528A38DEE007F152D /* Model */ = {
			isa = PBXGroup;
			children = (
				3973F59928A38E0C007F152D /* TestModel.swift */,
			);
			path = Model;
			sourceTree = "<group>";
		};
		3973F59628A38DF1007F152D /* ViewModel */ = {
			isa = PBXGroup;
			children = (
				3973F59B28A38E13007F152D /* TestViewModel.swift */,
			);
			path = ViewModel;
			sourceTree = "<group>";
		};
/* End PBXGroup section */

/* Begin PBXNativeTarget section */
		3973F57C28A38DA5007F152D /* HearUR */ = {
			isa = PBXNativeTarget;
			buildConfigurationList = 3973F58B28A38DA7007F152D /* Build configuration list for PBXNativeTarget "HearUR" */;
			buildPhases = (
				3973F57928A38DA5007F152D /* Sources */,
				3973F57A28A38DA5007F152D /* Frameworks */,
				3973F57B28A38DA5007F152D /* Resources */,
			);
			buildRules = (
			);
			dependencies = (
			);
			name = HearUR;
			packageProductDependencies = (
				3973F5A028A3C3B9007F152D /* FirebaseFirestore */,
				3973F5A228A3C3B9007F152D /* FirebaseStorage */,
			);
			productName = HearUR;
			productReference = 3973F57D28A38DA5007F152D /* HearUR.app */;
			productType = "com.apple.product-type.application";
		};
/* End PBXNativeTarget section */

/* Begin PBXProject section */
		3973F57528A38DA5007F152D /* Project object */ = {
			isa = PBXProject;
			attributes = {
				BuildIndependentTargetsInParallel = 1;
				LastSwiftUpdateCheck = 1340;
				LastUpgradeCheck = 1340;
				TargetAttributes = {
					3973F57C28A38DA5007F152D = {
						CreatedOnToolsVersion = 13.4.1;
					};
				};
			};
			buildConfigurationList = 3973F57828A38DA5007F152D /* Build configuration list for PBXProject "HearUR" */;
			compatibilityVersion = "Xcode 13.0";
			developmentRegion = en;
			hasScannedForEncodings = 0;
			knownRegions = (
				en,
				Base,
			);
			mainGroup = 3973F57428A38DA5007F152D;
			packageReferences = (
				3973F59F28A3C3B9007F152D /* XCRemoteSwiftPackageReference "firebase-ios-sdk" */,
			);
			productRefGroup = 3973F57E28A38DA5007F152D /* Products */;
			projectDirPath = "";
			projectRoot = "";
			targets = (
				3973F57C28A38DA5007F152D /* HearUR */,
			);
		};
/* End PBXProject section */

/* Begin PBXResourcesBuildPhase section */
		3973F57B28A38DA5007F152D /* Resources */ = {
			isa = PBXResourcesBuildPhase;
			buildActionMask = 2147483647;
			files = (
				3973F58828A38DA7007F152D /* Preview Assets.xcassets in Resources */,
				3973F59E28A3BAEC007F152D /* GoogleService-Info.plist in Resources */,
				3973F58528A38DA7007F152D /* Assets.xcassets in Resources */,
			);
			runOnlyForDeploymentPostprocessing = 0;
		};
/* End PBXResourcesBuildPhase section */

/* Begin PBXSourcesBuildPhase section */
		3973F57928A38DA5007F152D /* Sources */ = {
			isa = PBXSourcesBuildPhase;
			buildActionMask = 2147483647;
			files = (
				3973F59828A38E01007F152D /* TestView.swift in Sources */,
				3973F58328A38DA5007F152D /* ContentView.swift in Sources */,
				3973F59C28A38E13007F152D /* TestViewModel.swift in Sources */,
				3973F58128A38DA5007F152D /* HearURApp.swift in Sources */,
				3973F59A28A38E0C007F152D /* TestModel.swift in Sources */,
			);
			runOnlyForDeploymentPostprocessing = 0;
		};
/* End PBXSourcesBuildPhase section */

/* Begin XCBuildConfiguration section */
		3973F58928A38DA7007F152D /* Debug */ = {
			isa = XCBuildConfiguration;
			buildSettings = {
				ALWAYS_SEARCH_USER_PATHS = NO;
				CLANG_ANALYZER_NONNULL = YES;
				CLANG_ANALYZER_NUMBER_OBJECT_CONVERSION = YES_AGGRESSIVE;
				CLANG_CXX_LANGUAGE_STANDARD = "gnu++17";
				CLANG_ENABLE_MODULES = YES;
				CLANG_ENABLE_OBJC_ARC = YES;
				CLANG_ENABLE_OBJC_WEAK = YES;
				CLANG_WARN_BLOCK_CAPTURE_AUTORELEASING = YES;
				CLANG_WARN_BOOL_CONVERSION = YES;
				CLANG_WARN_COMMA = YES;
				CLANG_WARN_CONSTANT_CONVERSION = YES;
				CLANG_WARN_DEPRECATED_OBJC_IMPLEMENTATIONS = YES;
				CLANG_WARN_DIRECT_OBJC_ISA_USAGE = YES_ERROR;
				CLANG_WARN_DOCUMENTATION_COMMENTS = YES;
				CLANG_WARN_EMPTY_BODY = YES;
				CLANG_WARN_ENUM_CONVERSION = YES;
				CLANG_WARN_INFINITE_RECURSION = YES;
				CLANG_WARN_INT_CONVERSION = YES;
				CLANG_WARN_NON_LITERAL_NULL_CONVERSION = YES;
				CLANG_WARN_OBJC_IMPLICIT_RETAIN_SELF = YES;
				CLANG_WARN_OBJC_LITERAL_CONVERSION = YES;
				CLANG_WARN_OBJC_ROOT_CLASS = YES_ERROR;
				CLANG_WARN_QUOTED_INCLUDE_IN_FRAMEWORK_HEADER = YES;
				CLANG_WARN_RANGE_LOOP_ANALYSIS = YES;
				CLANG_WARN_STRICT_PROTOTYPES = YES;
				CLANG_WARN_SUSPICIOUS_MOVE = YES;
				CLANG_WARN_UNGUARDED_AVAILABILITY = YES_AGGRESSIVE;
				CLANG_WARN_UNREACHABLE_CODE = YES;
				CLANG_WARN__DUPLICATE_METHOD_MATCH = YES;
				COPY_PHASE_STRIP = NO;
				DEBUG_INFORMATION_FORMAT = dwarf;
				ENABLE_STRICT_OBJC_MSGSEND = YES;
				ENABLE_TESTABILITY = YES;
				GCC_C_LANGUAGE_STANDARD = gnu11;
				GCC_DYNAMIC_NO_PIC = NO;
				GCC_NO_COMMON_BLOCKS = YES;
				GCC_OPTIMIZATION_LEVEL = 0;
				GCC_PREPROCESSOR_DEFINITIONS = (
					"DEBUG=1",
					"$(inherited)",
				);
				GCC_WARN_64_TO_32_BIT_CONVERSION = YES;
				GCC_WARN_ABOUT_RETURN_TYPE = YES_ERROR;
				GCC_WARN_UNDECLARED_SELECTOR = YES;
				GCC_WARN_UNINITIALIZED_AUTOS = YES_AGGRESSIVE;
				GCC_WARN_UNUSED_FUNCTION = YES;
				GCC_WARN_UNUSED_VARIABLE = YES;
				IPHONEOS_DEPLOYMENT_TARGET = 15.5;
				MTL_ENABLE_DEBUG_INFO = INCLUDE_SOURCE;
				MTL_FAST_MATH = YES;
				ONLY_ACTIVE_ARCH = YES;
				SDKROOT = iphoneos;
				SWIFT_ACTIVE_COMPILATION_CONDITIONS = DEBUG;
				SWIFT_OPTIMIZATION_LEVEL = "-Onone";
			};
			name = Debug;
		};
		3973F58A28A38DA7007F152D /* Release */ = {
			isa = XCBuildConfiguration;
			buildSettings = {
				ALWAYS_SEARCH_USER_PATHS = NO;
				CLANG_ANALYZER_NONNULL = YES;
				CLANG_ANALYZER_NUMBER_OBJECT_CONVERSION = YES_AGGRESSIVE;
				CLANG_CXX_LANGUAGE_STANDARD = "gnu++17";
				CLANG_ENABLE_MODULES = YES;
				CLANG_ENABLE_OBJC_ARC = YES;
				CLANG_ENABLE_OBJC_WEAK = YES;
				CLANG_WARN_BLOCK_CAPTURE_AUTORELEASING = YES;
				CLANG_WARN_BOOL_CONVERSION = YES;
				CLANG_WARN_COMMA = YES;
				CLANG_WARN_CONSTANT_CONVERSION = YES;
				CLANG_WARN_DEPRECATED_OBJC_IMPLEMENTATIONS = YES;
				CLANG_WARN_DIRECT_OBJC_ISA_USAGE = YES_ERROR;
				CLANG_WARN_DOCUMENTATION_COMMENTS = YES;
				CLANG_WARN_EMPTY_BODY = YES;
				CLANG_WARN_ENUM_CONVERSION = YES;
				CLANG_WARN_INFINITE_RECURSION = YES;
				CLANG_WARN_INT_CONVERSION = YES;
				CLANG_WARN_NON_LITERAL_NULL_CONVERSION = YES;
				CLANG_WARN_OBJC_IMPLICIT_RETAIN_SELF = YES;
				CLANG_WARN_OBJC_LITERAL_CONVERSION = YES;
				CLANG_WARN_OBJC_ROOT_CLASS = YES_ERROR;
				CLANG_WARN_QUOTED_INCLUDE_IN_FRAMEWORK_HEADER = YES;
				CLANG_WARN_RANGE_LOOP_ANALYSIS = YES;
				CLANG_WARN_STRICT_PROTOTYPES = YES;
				CLANG_WARN_SUSPICIOUS_MOVE = YES;
				CLANG_WARN_UNGUARDED_AVAILABILITY = YES_AGGRESSIVE;
				CLANG_WARN_UNREACHABLE_CODE = YES;
				CLANG_WARN__DUPLICATE_METHOD_MATCH = YES;
				COPY_PHASE_STRIP = NO;
				DEBUG_INFORMATION_FORMAT = "dwarf-with-dsym";
				ENABLE_NS_ASSERTIONS = NO;
				ENABLE_STRICT_OBJC_MSGSEND = YES;
				GCC_C_LANGUAGE_STANDARD = gnu11;
				GCC_NO_COMMON_BLOCKS = YES;
				GCC_WARN_64_TO_32_BIT_CONVERSION = YES;
				GCC_WARN_ABOUT_RETURN_TYPE = YES_ERROR;
				GCC_WARN_UNDECLARED_SELECTOR = YES;
				GCC_WARN_UNINITIALIZED_AUTOS = YES_AGGRESSIVE;
				GCC_WARN_UNUSED_FUNCTION = YES;
				GCC_WARN_UNUSED_VARIABLE = YES;
				IPHONEOS_DEPLOYMENT_TARGET = 15.5;
				MTL_ENABLE_DEBUG_INFO = NO;
				MTL_FAST_MATH = YES;
				SDKROOT = iphoneos;
				SWIFT_COMPILATION_MODE = wholemodule;
				SWIFT_OPTIMIZATION_LEVEL = "-O";
				VALIDATE_PRODUCT = YES;
			};
			name = Release;
		};
		3973F58C28A38DA7007F152D /* Debug */ = {
			isa = XCBuildConfiguration;
			buildSettings = {
				ASSETCATALOG_COMPILER_APPICON_NAME = AppIcon;
				ASSETCATALOG_COMPILER_GLOBAL_ACCENT_COLOR_NAME = AccentColor;
				CODE_SIGN_STYLE = Automatic;
				CURRENT_PROJECT_VERSION = 1;
				DEVELOPMENT_ASSET_PATHS = "\"HearUR/Preview Content\"";
				DEVELOPMENT_TEAM = PQ5FS4VVLR;
				ENABLE_PREVIEWS = YES;
				GENERATE_INFOPLIST_FILE = YES;
				INFOPLIST_KEY_NSNearbyInteractionAllowOnceUsageDescription = "This app demonstrates the NearbyInteraction framework. Supply a value for this string to explain how the user benefits when they allow the app to use NearbyInteraction.";
				INFOPLIST_KEY_NSNearbyInteractionUsageDescription = "This app demonstrates the NearbyInteraction framework. Supply a value for this string to explain how the user benefits when they allow the app to use NearbyInteraction.";
				INFOPLIST_KEY_UIApplicationSceneManifest_Generation = YES;
				INFOPLIST_KEY_UIApplicationSupportsIndirectInputEvents = YES;
				INFOPLIST_KEY_UILaunchScreen_Generation = YES;
				INFOPLIST_KEY_UISupportedInterfaceOrientations_iPad = "UIInterfaceOrientationPortrait UIInterfaceOrientationPortraitUpsideDown UIInterfaceOrientationLandscapeLeft UIInterfaceOrientationLandscapeRight";
				INFOPLIST_KEY_UISupportedInterfaceOrientations_iPhone = "UIInterfaceOrientationPortrait UIInterfaceOrientationLandscapeLeft UIInterfaceOrientationLandscapeRight";
				LD_RUNPATH_SEARCH_PATHS = (
					"$(inherited)",
					"@executable_path/Frameworks",
				);
				MARKETING_VERSION = 1.0;
				PRODUCT_BUNDLE_IDENTIFIER = com.koo.terry.HearUR;
				PRODUCT_NAME = "$(TARGET_NAME)";
				SWIFT_EMIT_LOC_STRINGS = YES;
				SWIFT_VERSION = 5.0;
				TARGETED_DEVICE_FAMILY = "1,2";
			};
			name = Debug;
		};
		3973F58D28A38DA7007F152D /* Release */ = {
			isa = XCBuildConfiguration;
			buildSettings = {
				ASSETCATALOG_COMPILER_APPICON_NAME = AppIcon;
				ASSETCATALOG_COMPILER_GLOBAL_ACCENT_COLOR_NAME = AccentColor;
				CODE_SIGN_STYLE = Automatic;
				CURRENT_PROJECT_VERSION = 1;
				DEVELOPMENT_ASSET_PATHS = "\"HearUR/Preview Content\"";
				DEVELOPMENT_TEAM = PQ5FS4VVLR;
				ENABLE_PREVIEWS = YES;
				GENERATE_INFOPLIST_FILE = YES;
				INFOPLIST_KEY_NSNearbyInteractionAllowOnceUsageDescription = "This app demonstrates the NearbyInteraction framework. Supply a value for this string to explain how the user benefits when they allow the app to use NearbyInteraction.";
				INFOPLIST_KEY_NSNearbyInteractionUsageDescription = "This app demonstrates the NearbyInteraction framework. Supply a value for this string to explain how the user benefits when they allow the app to use NearbyInteraction.";
				INFOPLIST_KEY_UIApplicationSceneManifest_Generation = YES;
				INFOPLIST_KEY_UIApplicationSupportsIndirectInputEvents = YES;
				INFOPLIST_KEY_UILaunchScreen_Generation = YES;
				INFOPLIST_KEY_UISupportedInterfaceOrientations_iPad = "UIInterfaceOrientationPortrait UIInterfaceOrientationPortraitUpsideDown UIInterfaceOrientationLandscapeLeft UIInterfaceOrientationLandscapeRight";
				INFOPLIST_KEY_UISupportedInterfaceOrientations_iPhone = "UIInterfaceOrientationPortrait UIInterfaceOrientationLandscapeLeft UIInterfaceOrientationLandscapeRight";
				LD_RUNPATH_SEARCH_PATHS = (
					"$(inherited)",
					"@executable_path/Frameworks",
				);
				MARKETING_VERSION = 1.0;
				PRODUCT_BUNDLE_IDENTIFIER = com.koo.terry.HearUR;
				PRODUCT_NAME = "$(TARGET_NAME)";
				SWIFT_EMIT_LOC_STRINGS = YES;
				SWIFT_VERSION = 5.0;
				TARGETED_DEVICE_FAMILY = "1,2";
			};
			name = Release;
		};
/* End XCBuildConfiguration section */

/* Begin XCConfigurationList section */
		3973F57828A38DA5007F152D /* Build configuration list for PBXProject "HearUR" */ = {
			isa = XCConfigurationList;
			buildConfigurations = (
				3973F58928A38DA7007F152D /* Debug */,
				3973F58A28A38DA7007F152D /* Release */,
			);
			defaultConfigurationIsVisible = 0;
			defaultConfigurationName = Release;
		};
		3973F58B28A38DA7007F152D /* Build configuration list for PBXNativeTarget "HearUR" */ = {
			isa = XCConfigurationList;
			buildConfigurations = (
				3973F58C28A38DA7007F152D /* Debug */,
				3973F58D28A38DA7007F152D /* Release */,
			);
			defaultConfigurationIsVisible = 0;
			defaultConfigurationName = Release;
		};
/* End XCConfigurationList section */

/* Begin XCRemoteSwiftPackageReference section */
		3973F59F28A3C3B9007F152D /* XCRemoteSwiftPackageReference "firebase-ios-sdk" */ = {
			isa = XCRemoteSwiftPackageReference;
			repositoryURL = "https://github.com/firebase/firebase-ios-sdk";
			requirement = {
				branch = master;
				kind = branch;
			};
		};
/* End XCRemoteSwiftPackageReference section */

/* Begin XCSwiftPackageProductDependency section */
		3973F5A028A3C3B9007F152D /* FirebaseFirestore */ = {
			isa = XCSwiftPackageProductDependency;
			package = 3973F59F28A3C3B9007F152D /* XCRemoteSwiftPackageReference "firebase-ios-sdk" */;
			productName = FirebaseFirestore;
		};
		3973F5A228A3C3B9007F152D /* FirebaseStorage */ = {
			isa = XCSwiftPackageProductDependency;
			package = 3973F59F28A3C3B9007F152D /* XCRemoteSwiftPackageReference "firebase-ios-sdk" */;
			productName = FirebaseStorage;
		};
/* End XCSwiftPackageProductDependency section */
	};
	rootObject = 3973F57528A38DA5007F152D /* Project object */;
}
